
Microsoft Visual Studio Solution File, Format Version 12.00
# Visual Studio Version 17
VisualStudioVersion = 17.0.31903.59
MinimumVisualStudioVersion = 10.0.40219.1
Project("{FAE04EC0-301F-11D3-BF4B-00C04F79EFBC}") = "Wysteria.Core", "src\Wysteria.Core\Wysteria.Core.csproj", "{6225FFB0-F7AE-54B0-A995-83B455D3892C}"
EndProject
Project("{FAE04EC0-301F-11D3-BF4B-00C04F79EFBC}") = "Wysteria.PrisonJob", "src\Wysteria.PrisonJob\Wysteria.PrisonJob.csproj", "{71E91D63-A4CE-52B7-992E-FB3398F3517F}"
EndProject
Project("{FAE04EC0-301F-11D3-BF4B-00C04F79EFBC}") = "Wysteria.Contraband", "src\Wysteria.Contraband\Wysteria.Contraband.csproj", "{363FC6FA-C519-5750-B016-AF6659C072C9}"
EndProject
Project("{FAE04EC0-301F-11D3-BF4B-00C04F79EFBC}") = "Wysteria.WardenShield", "src\Wysteria.WardenShield\Wysteria.WardenShield.csproj", "{23F46281-3481-53EB-8D55-649451F4883E}"
EndProject
Project("{FAE04EC0-301F-11D3-BF4B-00C04F79EFBC}") = "Wysteria.FakeRebel", "src\Wysteria.FakeRebel\Wysteria.FakeRebel.csproj", "{5D7D2660-63B0-583C-B5F7-9D8C72C83040}"
EndProject
Project("{FAE04EC0-301F-11D3-BF4B-00C04F79EFBC}") = "Wysteria.GuardStamina", "src\Wysteria.GuardStamina\Wysteria.GuardStamina.csproj", "{9FE2E4D0-DA42-5D8B-B7B7-D7C79A7D14A9}"
EndProject
Project("{FAE04EC0-301F-11D3-BF4B-00C04F79EFBC}") = "Wysteria.WardenDraw", "src\Wysteria.WardenDraw\Wysteria.WardenDraw.csproj", "{A7DB400D-E08F-5AC5-AD4D-EF3372681E14}"
EndProject
Project("{FAE04EC0-301F-11D3-BF4B-00C04F79EFBC}") = "Wysteria.GuardJail", "src\Wysteria.GuardJail\Wysteria.GuardJail.csproj", "{17C564CA-EF9C-5B35-9FDB-DED76D16D1D5}"
EndProject
Project("{FAE04EC0-301F-11D3-BF4B-00C04F79EFBC}") = "Wysteria.PrisonBetrayal", "src\Wysteria.PrisonBetrayal\Wysteria.PrisonBetrayal.csproj", "{7EA98DBA-2389-5DA8-B243-FC2464F8D04F}"
EndProject
Project("{FAE04EC0-301F-11D3-BF4B-00C04F79EFBC}") = "Wysteria.WardenPanic", "src\Wysteria.WardenPanic\Wysteria.WardenPanic.csproj", "{25FF71AB-3876-5DD0-8D9A-38429956C41D}"
EndProject
Project("{FAE04EC0-301F-11D3-BF4B-00C04F79EFBC}") = "Wysteria.Advertiser", "src\Wysteria.Advertiser\Wysteria.Advertiser.csproj", "{966B92BA-C210-5075-9562-A881DBA35CBC}"
EndProject
Project("{FAE04EC0-301F-11D3-BF4B-00C04F79EFBC}") = "Wysteria.CellSearch", "src\Wysteria.CellSearch\Wysteria.CellSearch.csproj", "{5BC3225C-F97F-5777-BFBE-8C6D4DE31FD3}"
EndProject
Project("{FAE04EC0-301F-11D3-BF4B-00C04F79EFBC}") = "Wysteria.WardenVote", "src\Wysteria.WardenVote\Wysteria.WardenVote.csproj", "{11EA0BE4-B7D7-5845-ACF1-467FA195D491}"
EndProject
Project("{FAE04EC0-301F-11D3-BF4B-00C04F79EFBC}") = "Wysteria.GuardOrders", "src\Wysteria.GuardOrders\Wysteria.GuardOrders.csproj", "{1F4FF032-33A4-5054-A52E-27CE871C4CD9}"
EndProject
Project("{FAE04EC0-301F-11D3-BF4B-00C04F79EFBC}") = "Wysteria.RiotAlarm", "src\Wysteria.RiotAlarm\Wysteria.RiotAlarm.csproj", "{7F7A040B-2BC8-50AA-B359-2ED6D7EAF288}"
EndProject
Project("{FAE04EC0-301F-11D3-BF4B-00C04F79EFBC}") = "Wysteria.DoorControl", "src\Wysteria.DoorControl\Wysteria.DoorControl.csproj", "{46066208-10AD-5528-9C7E-2CF35FA54274}"
EndProject
Project("{FAE04EC0-301F-11D3-BF4B-00C04F79EFBC}") = "Wysteria.InmateRanks", "src\Wysteria.InmateRanks\Wysteria.InmateRanks.csproj", "{C5398AB9-3F6D-5894-981D-B0B84C2B809C}"
EndProject
Project("{FAE04EC0-301F-11D3-BF4B-00C04F79EFBC}") = "Wysteria.ContrabandScanner", "src\Wysteria.ContrabandScanner\Wysteria.ContrabandScanner.csproj", "{B9DD0D76-3D49-563F-83ED-070483C0F3C1}"
EndProject
Project("{FAE04EC0-301F-11D3-BF4B-00C04F79EFBC}") = "Wysteria.FreeDay", "src\Wysteria.FreeDay\Wysteria.FreeDay.csproj", "{A6C870A4-97EB-5F96-B6EE-955FA1F61D1C}"
EndProject
Project("{FAE04EC0-301F-11D3-BF4B-00C04F79EFBC}") = "Wysteria.GuardTraining", "src\Wysteria.GuardTraining\Wysteria.GuardTraining.csproj", "{AE42D4BA-CB4B-5625-BDD6-D5A9957CA5BC}"
EndProject
Project("{FAE04EC0-301F-11D3-BF4B-00C04F79EFBC}") = "Wysteria.TeamBalance", "src\Wysteria.TeamBalance\Wysteria.TeamBalance.csproj", "{A5A28475-BEE1-50DB-ABE1-2F1811B34E9B}"
EndProject
Project("{FAE04EC0-301F-11D3-BF4B-00C04F79EFBC}") = "Wysteria.RoundStats", "src\Wysteria.RoundStats\Wysteria.RoundStats.csproj", "{885E269B-0737-5CBD-A272-48EB9BE89AB0}"
EndProject
Project("{FAE04EC0-301F-11D3-BF4B-00C04F79EFBC}") = "Wysteria.WardenRules", "src\Wysteria.WardenRules\Wysteria.WardenRules.csproj", "{48D2295C-BF5D-5C99-9C95-1D5C18823ADA}"
EndProject
Project("{FAE04EC0-301F-11D3-BF4B-00C04F79EFBC}") = "Wysteria.AdminTools", "src\Wysteria.AdminTools\Wysteria.AdminTools.csproj", "{4BBD0962-4574-5DC8-930E-DB4A3BEA8CE1}"
EndProject
Project("{2150E333-8FDC-42A3-9474-1A3956D46DE8}") = "src", "src", "{D9053275-919D-4B8C-8F97-05BACB0D37A7}"
EndProject
Project("{FAE04EC0-301F-11D3-BF4B-00C04F79EFBC}") = "Wysteria.BountySystem", "src\Wysteria.BountySystem\Wysteria.BountySystem.csproj", "{65266E01-9B83-4F0E-AE0B-FEFE307BE4EF}"
EndProject
Project("{FAE04EC0-301F-11D3-BF4B-00C04F79EFBC}") = "Wysteria.CoinFlip", "src\Wysteria.CoinFlip\Wysteria.CoinFlip.csproj", "{71E97E3A-2945-4E03-AE60-3B5B0613C4DB}"
EndProject
Project("{FAE04EC0-301F-11D3-BF4B-00C04F79EFBC}") = "Wysteria.MetalDetector", "src\Wysteria.MetalDetector\Wysteria.MetalDetector.csproj", "{BF91C230-6E0C-49DE-B814-81CF7D7AE7E7}"
EndProject
Project("{FAE04EC0-301F-11D3-BF4B-00C04F79EFBC}") = "Wysteria.PrisonLockdown", "src\Wysteria.PrisonLockdown\Wysteria.PrisonLockdown.csproj", "{C1463F45-F50A-47AE-85A8-5F0EF6867113}"
EndProject
Project("{FAE04EC0-301F-11D3-BF4B-00C04F79EFBC}") = "Wysteria.PrisonGym", "src\Wysteria.PrisonGym\Wysteria.PrisonGym.csproj", "{FBCC83F4-98E9-446F-BCF6-5F2E87B5CA21}"
EndProject
Project("{FAE04EC0-301F-11D3-BF4B-00C04F79EFBC}") = "Wysteria.SecretPassage", "src\Wysteria.SecretPassage\Wysteria.SecretPassage.csproj", "{6976634B-A9B0-4C0E-8F8A-354E1B879452}"
EndProject
Project("{FAE04EC0-301F-11D3-BF4B-00C04F79EFBC}") = "Wysteria.Disguise", "src\Wysteria.Disguise\Wysteria.Disguise.csproj", "{3DE99274-FE9F-4F6F-A0B0-EB32F59C65E3}"
EndProject
Project("{FAE04EC0-301F-11D3-BF4B-00C04F79EFBC}") = "Wysteria.HostageGuard", "src\Wysteria.HostageGuard\Wysteria.HostageGuard.csproj", "{C51D8154-3904-4BE0-9FAC-7F9264673285}"
EndProject
Project("{FAE04EC0-301F-11D3-BF4B-00C04F79EFBC}") = "Wysteria.RebelAdrenaline", "src\Wysteria.RebelAdrenaline\Wysteria.RebelAdrenaline.csproj", "{74361912-F73E-4CF5-AEB6-EEC56704810C}"
EndProject
Project("{FAE04EC0-301F-11D3-BF4B-00C04F79EFBC}") = "Wysteria.WardenMarker", "src\Wysteria.WardenMarker\Wysteria.WardenMarker.csproj", "{079F037F-A559-46AB-8405-94D0E2B85FCF}"
EndProject
Project("{FAE04EC0-301F-11D3-BF4B-00C04F79EFBC}") = "Wysteria.GuardRadio", "src\Wysteria.GuardRadio\Wysteria.GuardRadio.csproj", "{72EA52FA-9D31-4F88-914F-C9A1DDEF4C79}"
EndProject
Project("{FAE04EC0-301F-11D3-BF4B-00C04F79EFBC}") = "Wysteria.WardenAnvil", "src\Wysteria.WardenAnvil\Wysteria.WardenAnvil.csproj", "{8DF684E0-68C9-45E4-9A93-0B49CFD5E6E7}"
EndProject
Project("{FAE04EC0-301F-11D3-BF4B-00C04F79EFBC}") = "Wysteria.PrisonCCTV", "src\Wysteria.PrisonCCTV\Wysteria.PrisonCCTV.csproj", "{D7430E02-B06D-49BE-B487-53D2E1DE60EC}"
EndProject
Project("{FAE04EC0-301F-11D3-BF4B-00C04F79EFBC}") = "Wysteria.GuardDuty", "src\Wysteria.GuardDuty\Wysteria.GuardDuty.csproj", "{0F4A4988-BCFC-432A-9DCC-A5672C4A724F}"
EndProject
Project("{FAE04EC0-301F-11D3-BF4B-00C04F79EFBC}") = "Wysteria.PrisonMail", "src\Wysteria.PrisonMail\Wysteria.PrisonMail.csproj", "{33A64126-20F0-48C5-A6C3-6494C6E7C985}"
EndProject
Project("{FAE04EC0-301F-11D3-BF4B-00C04F79EFBC}") = "Wysteria.WardenTimer", "src\Wysteria.WardenTimer\Wysteria.WardenTimer.csproj", "{39610B08-D6CB-41BA-A968-165FD639A5C6}"
EndProject
Project("{FAE04EC0-301F-11D3-BF4B-00C04F79EFBC}") = "Wysteria.PrisonEvidence", "src\Wysteria.PrisonEvidence\Wysteria.PrisonEvidence.csproj", "{26BB7E92-B847-4F45-8030-49D045F70EB3}"
EndProject
Project("{FAE04EC0-301F-11D3-BF4B-00C04F79EFBC}") = "Wysteria.PrisonSchedule", "src\Wysteria.PrisonSchedule\Wysteria.PrisonSchedule.csproj", "{D34BA312-57EE-4C20-B235-22334E486B7A}"
EndProject
Project("{FAE04EC0-301F-11D3-BF4B-00C04F79EFBC}") = "Wysteria.GuardQueue", "src\Wysteria.GuardQueue\Wysteria.GuardQueue.csproj", "{BA3A0DAA-D816-411B-B68F-65C1044CEDF5}"
EndProject
Global
	GlobalSection(SolutionConfigurationPlatforms) = preSolution
		Debug|Any CPU = Debug|Any CPU
		Debug|x64 = Debug|x64
		Debug|x86 = Debug|x86
		Release|Any CPU = Release|Any CPU
		Release|x64 = Release|x64
		Release|x86 = Release|x86
	EndGlobalSection
	GlobalSection(ProjectConfigurationPlatforms) = postSolution
		{6225FFB0-F7AE-54B0-A995-83B455D3892C}.Debug|Any CPU.ActiveCfg = Debug|Any CPU
		{6225FFB0-F7AE-54B0-A995-83B455D3892C}.Debug|Any CPU.Build.0 = Debug|Any CPU
		{6225FFB0-F7AE-54B0-A995-83B455D3892C}.Debug|x64.ActiveCfg = Debug|Any CPU
		{6225FFB0-F7AE-54B0-A995-83B455D3892C}.Debug|x64.Build.0 = Debug|Any CPU
		{6225FFB0-F7AE-54B0-A995-83B455D3892C}.Debug|x86.ActiveCfg = Debug|Any CPU
		{6225FFB0-F7AE-54B0-A995-83B455D3892C}.Debug|x86.Build.0 = Debug|Any CPU
		{6225FFB0-F7AE-54B0-A995-83B455D3892C}.Release|Any CPU.ActiveCfg = Release|Any CPU
		{6225FFB0-F7AE-54B0-A995-83B455D3892C}.Release|Any CPU.Build.0 = Release|Any CPU
		{6225FFB0-F7AE-54B0-A995-83B455D3892C}.Release|x64.ActiveCfg = Release|Any CPU
		{6225FFB0-F7AE-54B0-A995-83B455D3892C}.Release|x64.Build.0 = Release|Any CPU
		{6225FFB0-F7AE-54B0-A995-83B455D3892C}.Release|x86.ActiveCfg = Release|Any CPU
		{6225FFB0-F7AE-54B0-A995-83B455D3892C}.Release|x86.Build.0 = Release|Any CPU
		{71E91D63-A4CE-52B7-992E-FB3398F3517F}.Debug|Any CPU.ActiveCfg = Debug|Any CPU
		{71E91D63-A4CE-52B7-992E-FB3398F3517F}.Debug|Any CPU.Build.0 = Debug|Any CPU
		{71E91D63-A4CE-52B7-992E-FB3398F3517F}.Debug|x64.ActiveCfg = Debug|Any CPU
		{71E91D63-A4CE-52B7-992E-FB3398F3517F}.Debug|x64.Build.0 = Debug|Any CPU
		{71E91D63-A4CE-52B7-992E-FB3398F3517F}.Debug|x86.ActiveCfg = Debug|Any CPU
		{71E91D63-A4CE-52B7-992E-FB3398F3517F}.Debug|x86.Build.0 = Debug|Any CPU
		{71E91D63-A4CE-52B7-992E-FB3398F3517F}.Release|Any CPU.ActiveCfg = Release|Any CPU
		{71E91D63-A4CE-52B7-992E-FB3398F3517F}.Release|Any CPU.Build.0 = Release|Any CPU
		{71E91D63-A4CE-52B7-992E-FB3398F3517F}.Release|x64.ActiveCfg = Release|Any CPU
		{71E91D63-A4CE-52B7-992E-FB3398F3517F}.Release|x64.Build.0 = Release|Any CPU
		{71E91D63-A4CE-52B7-992E-FB3398F3517F}.Release|x86.ActiveCfg = Release|Any CPU
		{71E91D63-A4CE-52B7-992E-FB3398F3517F}.Release|x86.Build.0 = Release|Any CPU
		{363FC6FA-C519-5750-B016-AF6659C072C9}.Debug|Any CPU.ActiveCfg = Debug|Any CPU
		{363FC6FA-C519-5750-B016-AF6659C072C9}.Debug|Any CPU.Build.0 = Debug|Any CPU
		{363FC6FA-C519-5750-B016-AF6659C072C9}.Debug|x64.ActiveCfg = Debug|Any CPU
		{363FC6FA-C519-5750-B016-AF6659C072C9}.Debug|x64.Build.0 = Debug|Any CPU
		{363FC6FA-C519-5750-B016-AF6659C072C9}.Debug|x86.ActiveCfg = Debug|Any CPU
		{363FC6FA-C519-5750-B016-AF6659C072C9}.Debug|x86.Build.0 = Debug|Any CPU
		{363FC6FA-C519-5750-B016-AF6659C072C9}.Release|Any CPU.ActiveCfg = Release|Any CPU
		{363FC6FA-C519-5750-B016-AF6659C072C9}.Release|Any CPU.Build.0 = Release|Any CPU
		{363FC6FA-C519-5750-B016-AF6659C072C9}.Release|x64.ActiveCfg = Release|Any CPU
		{363FC6FA-C519-5750-B016-AF6659C072C9}.Release|x64.Build.0 = Release|Any CPU
		{363FC6FA-C519-5750-B016-AF6659C072C9}.Release|x86.ActiveCfg = Release|Any CPU
		{363FC6FA-C519-5750-B016-AF6659C072C9}.Release|x86.Build.0 = Release|Any CPU
		{23F46281-3481-53EB-8D55-649451F4883E}.Debug|Any CPU.ActiveCfg = Debug|Any CPU
		{23F46281-3481-53EB-8D55-649451F4883E}.Debug|Any CPU.Build.0 = Debug|Any CPU
		{23F46281-3481-53EB-8D55-649451F4883E}.Debug|x64.ActiveCfg = Debug|Any CPU
		{23F46281-3481-53EB-8D55-649451F4883E}.Debug|x64.Build.0 = Debug|Any CPU
		{23F46281-3481-53EB-8D55-649451F4883E}.Debug|x86.ActiveCfg = Debug|Any CPU
		{23F46281-3481-53EB-8D55-649451F4883E}.Debug|x86.Build.0 = Debug|Any CPU
		{23F46281-3481-53EB-8D55-649451F4883E}.Release|Any CPU.ActiveCfg = Release|Any CPU
		{23F46281-3481-53EB-8D55-649451F4883E}.Release|Any CPU.Build.0 = Release|Any CPU
		{23F46281-3481-53EB-8D55-649451F4883E}.Release|x64.ActiveCfg = Release|Any CPU
		{23F46281-3481-53EB-8D55-649451F4883E}.Release|x64.Build.0 = Release|Any CPU
		{23F46281-3481-53EB-8D55-649451F4883E}.Release|x86.ActiveCfg = Release|Any CPU
		{23F46281-3481-53EB-8D55-649451F4883E}.Release|x86.Build.0 = Release|Any CPU
		{5D7D2660-63B0-583C-B5F7-9D8C72C83040}.Debug|Any CPU.ActiveCfg = Debug|Any CPU
		{5D7D2660-63B0-583C-B5F7-9D8C72C83040}.Debug|Any CPU.Build.0 = Debug|Any CPU
		{5D7D2660-63B0-583C-B5F7-9D8C72C83040}.Debug|x64.ActiveCfg = Debug|Any CPU
		{5D7D2660-63B0-583C-B5F7-9D8C72C83040}.Debug|x64.Build.0 = Debug|Any CPU
		{5D7D2660-63B0-583C-B5F7-9D8C72C83040}.Debug|x86.ActiveCfg = Debug|Any CPU
		{5D7D2660-63B0-583C-B5F7-9D8C72C83040}.Debug|x86.Build.0 = Debug|Any CPU
		{5D7D2660-63B0-583C-B5F7-9D8C72C83040}.Release|Any CPU.ActiveCfg = Release|Any CPU
		{5D7D2660-63B0-583C-B5F7-9D8C72C83040}.Release|Any CPU.Build.0 = Release|Any CPU
		{5D7D2660-63B0-583C-B5F7-9D8C72C83040}.Release|x64.ActiveCfg = Release|Any CPU
		{5D7D2660-63B0-583C-B5F7-9D8C72C83040}.Release|x64.Build.0 = Release|Any CPU
		{5D7D2660-63B0-583C-B5F7-9D8C72C83040}.Release|x86.ActiveCfg = Release|Any CPU
		{5D7D2660-63B0-583C-B5F7-9D8C72C83040}.Release|x86.Build.0 = Release|Any CPU
		{9FE2E4D0-DA42-5D8B-B7B7-D7C79A7D14A9}.Debug|Any CPU.ActiveCfg = Debug|Any CPU
		{9FE2E4D0-DA42-5D8B-B7B7-D7C79A7D14A9}.Debug|Any CPU.Build.0 = Debug|Any CPU
		{9FE2E4D0-DA42-5D8B-B7B7-D7C79A7D14A9}.Debug|x64.ActiveCfg = Debug|Any CPU
		{9FE2E4D0-DA42-5D8B-B7B7-D7C79A7D14A9}.Debug|x64.Build.0 = Debug|Any CPU
		{9FE2E4D0-DA42-5D8B-B7B7-D7C79A7D14A9}.Debug|x86.ActiveCfg = Debug|Any CPU
		{9FE2E4D0-DA42-5D8B-B7B7-D7C79A7D14A9}.Debug|x86.Build.0 = Debug|Any CPU
		{9FE2E4D0-DA42-5D8B-B7B7-D7C79A7D14A9}.Release|Any CPU.ActiveCfg = Release|Any CPU
		{9FE2E4D0-DA42-5D8B-B7B7-D7C79A7D14A9}.Release|Any CPU.Build.0 = Release|Any CPU
		{9FE2E4D0-DA42-5D8B-B7B7-D7C79A7D14A9}.Release|x64.ActiveCfg = Release|Any CPU
		{9FE2E4D0-DA42-5D8B-B7B7-D7C79A7D14A9}.Release|x64.Build.0 = Release|Any CPU
		{9FE2E4D0-DA42-5D8B-B7B7-D7C79A7D14A9}.Release|x86.ActiveCfg = Release|Any CPU
		{9FE2E4D0-DA42-5D8B-B7B7-D7C79A7D14A9}.Release|x86.Build.0 = Release|Any CPU
		{A7DB400D-E08F-5AC5-AD4D-EF3372681E14}.Debug|Any CPU.ActiveCfg = Debug|Any CPU
		{A7DB400D-E08F-5AC5-AD4D-EF3372681E14}.Debug|Any CPU.Build.0 = Debug|Any CPU
		{A7DB400D-E08F-5AC5-AD4D-EF3372681E14}.Debug|x64.ActiveCfg = Debug|Any CPU
		{A7DB400D-E08F-5AC5-AD4D-EF3372681E14}.Debug|x64.Build.0 = Debug|Any CPU
		{A7DB400D-E08F-5AC5-AD4D-EF3372681E14}.Debug|x86.ActiveCfg = Debug|Any CPU
		{A7DB400D-E08F-5AC5-AD4D-EF3372681E14}.Debug|x86.Build.0 = Debug|Any CPU
		{A7DB400D-E08F-5AC5-AD4D-EF3372681E14}.Release|Any CPU.ActiveCfg = Release|Any CPU
		{A7DB400D-E08F-5AC5-AD4D-EF3372681E14}.Release|Any CPU.Build.0 = Release|Any CPU
		{A7DB400D-E08F-5AC5-AD4D-EF3372681E14}.Release|x64.ActiveCfg = Release|Any CPU
		{A7DB400D-E08F-5AC5-AD4D-EF3372681E14}.Release|x64.Build.0 = Release|Any CPU
		{A7DB400D-E08F-5AC5-AD4D-EF3372681E14}.Release|x86.ActiveCfg = Release|Any CPU
		{A7DB400D-E08F-5AC5-AD4D-EF3372681E14}.Release|x86.Build.0 = Release|Any CPU
		{17C564CA-EF9C-5B35-9FDB-DED76D16D1D5}.Debug|Any CPU.ActiveCfg = Debug|Any CPU
		{17C564CA-EF9C-5B35-9FDB-DED76D16D1D5}.Debug|Any CPU.Build.0 = Debug|Any CPU
		{17C564CA-EF9C-5B35-9FDB-DED76D16D1D5}.Debug|x64.ActiveCfg = Debug|Any CPU
		{17C564CA-EF9C-5B35-9FDB-DED76D16D1D5}.Debug|x64.Build.0 = Debug|Any CPU
		{17C564CA-EF9C-5B35-9FDB-DED76D16D1D5}.Debug|x86.ActiveCfg = Debug|Any CPU
		{17C564CA-EF9C-5B35-9FDB-DED76D16D1D5}.Debug|x86.Build.0 = Debug|Any CPU
		{17C564CA-EF9C-5B35-9FDB-DED76D16D1D5}.Release|Any CPU.ActiveCfg = Release|Any CPU
		{17C564CA-EF9C-5B35-9FDB-DED76D16D1D5}.Release|Any CPU.Build.0 = Release|Any CPU
		{17C564CA-EF9C-5B35-9FDB-DED76D16D1D5}.Release|x64.ActiveCfg = Release|Any CPU
		{17C564CA-EF9C-5B35-9FDB-DED76D16D1D5}.Release|x64.Build.0 = Release|Any CPU
		{17C564CA-EF9C-5B35-9FDB-DED76D16D1D5}.Release|x86.ActiveCfg = Release|Any CPU
		{17C564CA-EF9C-5B35-9FDB-DED76D16D1D5}.Release|x86.Build.0 = Release|Any CPU
		{7EA98DBA-2389-5DA8-B243-FC2464F8D04F}.Debug|Any CPU.ActiveCfg = Debug|Any CPU
		{7EA98DBA-2389-5DA8-B243-FC2464F8D04F}.Debug|Any CPU.Build.0 = Debug|Any CPU
		{7EA98DBA-2389-5DA8-B243-FC2464F8D04F}.Debug|x64.ActiveCfg = Debug|Any CPU
		{7EA98DBA-2389-5DA8-B243-FC2464F8D04F}.Debug|x64.Build.0 = Debug|Any CPU
		{7EA98DBA-2389-5DA8-B243-FC2464F8D04F}.Debug|x86.ActiveCfg = Debug|Any CPU
		{7EA98DBA-2389-5DA8-B243-FC2464F8D04F}.Debug|x86.Build.0 = Debug|Any CPU
		{7EA98DBA-2389-5DA8-B243-FC2464F8D04F}.Release|Any CPU.ActiveCfg = Release|Any CPU
		{7EA98DBA-2389-5DA8-B243-FC2464F8D04F}.Release|Any CPU.Build.0 = Release|Any CPU
		{7EA98DBA-2389-5DA8-B243-FC2464F8D04F}.Release|x64.ActiveCfg = Release|Any CPU
		{7EA98DBA-2389-5DA8-B243-FC2464F8D04F}.Release|x64.Build.0 = Release|Any CPU
		{7EA98DBA-2389-5DA8-B243-FC2464F8D04F}.Release|x86.ActiveCfg = Release|Any CPU
		{7EA98DBA-2389-5DA8-B243-FC2464F8D04F}.Release|x86.Build.0 = Release|Any CPU
		{25FF71AB-3876-5DD0-8D9A-38429956C41D}.Debug|Any CPU.ActiveCfg = Debug|Any CPU
		{25FF71AB-3876-5DD0-8D9A-38429956C41D}.Debug|Any CPU.Build.0 = Debug|Any CPU
		{25FF71AB-3876-5DD0-8D9A-38429956C41D}.Debug|x64.ActiveCfg = Debug|Any CPU
		{25FF71AB-3876-5DD0-8D9A-38429956C41D}.Debug|x64.Build.0 = Debug|Any CPU
		{25FF71AB-3876-5DD0-8D9A-38429956C41D}.Debug|x86.ActiveCfg = Debug|Any CPU
		{25FF71AB-3876-5DD0-8D9A-38429956C41D}.Debug|x86.Build.0 = Debug|Any CPU
		{25FF71AB-3876-5DD0-8D9A-38429956C41D}.Release|Any CPU.ActiveCfg = Release|Any CPU
		{25FF71AB-3876-5DD0-8D9A-38429956C41D}.Release|Any CPU.Build.0 = Release|Any CPU
		{25FF71AB-3876-5DD0-8D9A-38429956C41D}.Release|x64.ActiveCfg = Release|Any CPU
		{25FF71AB-3876-5DD0-8D9A-38429956C41D}.Release|x64.Build.0 = Release|Any CPU
		{25FF71AB-3876-5DD0-8D9A-38429956C41D}.Release|x86.ActiveCfg = Release|Any CPU
		{25FF71AB-3876-5DD0-8D9A-38429956C41D}.Release|x86.Build.0 = Release|Any CPU
		{966B92BA-C210-5075-9562-A881DBA35CBC}.Debug|Any CPU.ActiveCfg = Debug|Any CPU
		{966B92BA-C210-5075-9562-A881DBA35CBC}.Debug|Any CPU.Build.0 = Debug|Any CPU
		{966B92BA-C210-5075-9562-A881DBA35CBC}.Debug|x64.ActiveCfg = Debug|Any CPU
		{966B92BA-C210-5075-9562-A881DBA35CBC}.Debug|x64.Build.0 = Debug|Any CPU
		{966B92BA-C210-5075-9562-A881DBA35CBC}.Debug|x86.ActiveCfg = Debug|Any CPU
		{966B92BA-C210-5075-9562-A881DBA35CBC}.Debug|x86.Build.0 = Debug|Any CPU
		{966B92BA-C210-5075-9562-A881DBA35CBC}.Release|Any CPU.ActiveCfg = Release|Any CPU
		{966B92BA-C210-5075-9562-A881DBA35CBC}.Release|Any CPU.Build.0 = Release|Any CPU
		{966B92BA-C210-5075-9562-A881DBA35CBC}.Release|x64.ActiveCfg = Release|Any CPU
		{966B92BA-C210-5075-9562-A881DBA35CBC}.Release|x64.Build.0 = Release|Any CPU
		{966B92BA-C210-5075-9562-A881DBA35CBC}.Release|x86.ActiveCfg = Release|Any CPU
		{966B92BA-C210-5075-9562-A881DBA35CBC}.Release|x86.Build.0 = Release|Any CPU
		{5BC3225C-F97F-5777-BFBE-8C6D4DE31FD3}.Debug|Any CPU.ActiveCfg = Debug|Any CPU
		{5BC3225C-F97F-5777-BFBE-8C6D4DE31FD3}.Debug|Any CPU.Build.0 = Debug|Any CPU
		{5BC3225C-F97F-5777-BFBE-8C6D4DE31FD3}.Debug|x64.ActiveCfg = Debug|Any CPU
		{5BC3225C-F97F-5777-BFBE-8C6D4DE31FD3}.Debug|x64.Build.0 = Debug|Any CPU
		{5BC3225C-F97F-5777-BFBE-8C6D4DE31FD3}.Debug|x86.ActiveCfg = Debug|Any CPU
		{5BC3225C-F97F-5777-BFBE-8C6D4DE31FD3}.Debug|x86.Build.0 = Debug|Any CPU
		{5BC3225C-F97F-5777-BFBE-8C6D4DE31FD3}.Release|Any CPU.ActiveCfg = Release|Any CPU
		{5BC3225C-F97F-5777-BFBE-8C6D4DE31FD3}.Release|Any CPU.Build.0 = Release|Any CPU
		{5BC3225C-F97F-5777-BFBE-8C6D4DE31FD3}.Release|x64.ActiveCfg = Release|Any CPU
		{5BC3225C-F97F-5777-BFBE-8C6D4DE31FD3}.Release|x64.Build.0 = Release|Any CPU
		{5BC3225C-F97F-5777-BFBE-8C6D4DE31FD3}.Release|x86.ActiveCfg = Release|Any CPU
		{5BC3225C-F97F-5777-BFBE-8C6D4DE31FD3}.Release|x86.Build.0 = Release|Any CPU
		{11EA0BE4-B7D7-5845-ACF1-467FA195D491}.Debug|Any CPU.ActiveCfg = Debug|Any CPU
		{11EA0BE4-B7D7-5845-ACF1-467FA195D491}.Debug|Any CPU.Build.0 = Debug|Any CPU
		{11EA0BE4-B7D7-5845-ACF1-467FA195D491}.Debug|x64.ActiveCfg = Debug|Any CPU
		{11EA0BE4-B7D7-5845-ACF1-467FA195D491}.Debug|x64.Build.0 = Debug|Any CPU
		{11EA0BE4-B7D7-5845-ACF1-467FA195D491}.Debug|x86.ActiveCfg = Debug|Any CPU
		{11EA0BE4-B7D7-5845-ACF1-467FA195D491}.Debug|x86.Build.0 = Debug|Any CPU
		{11EA0BE4-B7D7-5845-ACF1-467FA195D491}.Release|Any CPU.ActiveCfg = Release|Any CPU
		{11EA0BE4-B7D7-5845-ACF1-467FA195D491}.Release|Any CPU.Build.0 = Release|Any CPU
		{11EA0BE4-B7D7-5845-ACF1-467FA195D491}.Release|x64.ActiveCfg = Release|Any CPU
		{11EA0BE4-B7D7-5845-ACF1-467FA195D491}.Release|x64.Build.0 = Release|Any CPU
		{11EA0BE4-B7D7-5845-ACF1-467FA195D491}.Release|x86.ActiveCfg = Release|Any CPU
		{11EA0BE4-B7D7-5845-ACF1-467FA195D491}.Release|x86.Build.0 = Release|Any CPU
		{1F4FF032-33A4-5054-A52E-27CE871C4CD9}.Debug|Any CPU.ActiveCfg = Debug|Any CPU
		{1F4FF032-33A4-5054-A52E-27CE871C4CD9}.Debug|Any CPU.Build.0 = Debug|Any CPU
		{1F4FF032-33A4-5054-A52E-27CE871C4CD9}.Debug|x64.ActiveCfg = Debug|Any CPU
		{1F4FF032-33A4-5054-A52E-27CE871C4CD9}.Debug|x64.Build.0 = Debug|Any CPU
		{1F4FF032-33A4-5054-A52E-27CE871C4CD9}.Debug|x86.ActiveCfg = Debug|Any CPU
		{1F4FF032-33A4-5054-A52E-27CE871C4CD9}.Debug|x86.Build.0 = Debug|Any CPU
		{1F4FF032-33A4-5054-A52E-27CE871C4CD9}.Release|Any CPU.ActiveCfg = Release|Any CPU
		{1F4FF032-33A4-5054-A52E-27CE871C4CD9}.Release|Any CPU.Build.0 = Release|Any CPU
		{1F4FF032-33A4-5054-A52E-27CE871C4CD9}.Release|x64.ActiveCfg = Release|Any CPU
		{1F4FF032-33A4-5054-A52E-27CE871C4CD9}.Release|x64.Build.0 = Release|Any CPU
		{1F4FF032-33A4-5054-A52E-27CE871C4CD9}.Release|x86.ActiveCfg = Release|Any CPU
		{1F4FF032-33A4-5054-A52E-27CE871C4CD9}.Release|x86.Build.0 = Release|Any CPU
		{7F7A040B-2BC8-50AA-B359-2ED6D7EAF288}.Debug|Any CPU.ActiveCfg = Debug|Any CPU
		{7F7A040B-2BC8-50AA-B359-2ED6D7EAF288}.Debug|Any CPU.Build.0 = Debug|Any CPU
		{7F7A040B-2BC8-50AA-B359-2ED6D7EAF288}.Debug|x64.ActiveCfg = Debug|Any CPU
		{7F7A040B-2BC8-50AA-B359-2ED6D7EAF288}.Debug|x64.Build.0 = Debug|Any CPU
		{7F7A040B-2BC8-50AA-B359-2ED6D7EAF288}.Debug|x86.ActiveCfg = Debug|Any CPU
		{7F7A040B-2BC8-50AA-B359-2ED6D7EAF288}.Debug|x86.Build.0 = Debug|Any CPU
		{7F7A040B-2BC8-50AA-B359-2ED6D7EAF288}.Release|Any CPU.ActiveCfg = Release|Any CPU
		{7F7A040B-2BC8-50AA-B359-2ED6D7EAF288}.Release|Any CPU.Build.0 = Release|Any CPU
		{7F7A040B-2BC8-50AA-B359-2ED6D7EAF288}.Release|x64.ActiveCfg = Release|Any CPU
		{7F7A040B-2BC8-50AA-B359-2ED6D7EAF288}.Release|x64.Build.0 = Release|Any CPU
		{7F7A040B-2BC8-50AA-B359-2ED6D7EAF288}.Release|x86.ActiveCfg = Release|Any CPU
		{7F7A040B-2BC8-50AA-B359-2ED6D7EAF288}.Release|x86.Build.0 = Release|Any CPU
		{46066208-10AD-5528-9C7E-2CF35FA54274}.Debug|Any CPU.ActiveCfg = Debug|Any CPU
		{46066208-10AD-5528-9C7E-2CF35FA54274}.Debug|Any CPU.Build.0 = Debug|Any CPU
		{46066208-10AD-5528-9C7E-2CF35FA54274}.Debug|x64.ActiveCfg = Debug|Any CPU
		{46066208-10AD-5528-9C7E-2CF35FA54274}.Debug|x64.Build.0 = Debug|Any CPU
		{46066208-10AD-5528-9C7E-2CF35FA54274}.Debug|x86.ActiveCfg = Debug|Any CPU
		{46066208-10AD-5528-9C7E-2CF35FA54274}.Debug|x86.Build.0 = Debug|Any CPU
		{46066208-10AD-5528-9C7E-2CF35FA54274}.Release|Any CPU.ActiveCfg = Release|Any CPU
		{46066208-10AD-5528-9C7E-2CF35FA54274}.Release|Any CPU.Build.0 = Release|Any CPU
		{46066208-10AD-5528-9C7E-2CF35FA54274}.Release|x64.ActiveCfg = Release|Any CPU
		{46066208-10AD-5528-9C7E-2CF35FA54274}.Release|x64.Build.0 = Release|Any CPU
		{46066208-10AD-5528-9C7E-2CF35FA54274}.Release|x86.ActiveCfg = Release|Any CPU
		{46066208-10AD-5528-9C7E-2CF35FA54274}.Release|x86.Build.0 = Release|Any CPU
		{C5398AB9-3F6D-5894-981D-B0B84C2B809C}.Debug|Any CPU.ActiveCfg = Debug|Any CPU
		{C5398AB9-3F6D-5894-981D-B0B84C2B809C}.Debug|Any CPU.Build.0 = Debug|Any CPU
		{C5398AB9-3F6D-5894-981D-B0B84C2B809C}.Debug|x64.ActiveCfg = Debug|Any CPU
		{C5398AB9-3F6D-5894-981D-B0B84C2B809C}.Debug|x64.Build.0 = Debug|Any CPU
		{C5398AB9-3F6D-5894-981D-B0B84C2B809C}.Debug|x86.ActiveCfg = Debug|Any CPU
		{C5398AB9-3F6D-5894-981D-B0B84C2B809C}.Debug|x86.Build.0 = Debug|Any CPU
		{C5398AB9-3F6D-5894-981D-B0B84C2B809C}.Release|Any CPU.ActiveCfg = Release|Any CPU
		{C5398AB9-3F6D-5894-981D-B0B84C2B809C}.Release|Any CPU.Build.0 = Release|Any CPU
		{C5398AB9-3F6D-5894-981D-B0B84C2B809C}.Release|x64.ActiveCfg = Release|Any CPU
		{C5398AB9-3F6D-5894-981D-B0B84C2B809C}.Release|x64.Build.0 = Release|Any CPU
		{C5398AB9-3F6D-5894-981D-B0B84C2B809C}.Release|x86.ActiveCfg = Release|Any CPU
		{C5398AB9-3F6D-5894-981D-B0B84C2B809C}.Release|x86.Build.0 = Release|Any CPU
		{B9DD0D76-3D49-563F-83ED-070483C0F3C1}.Debug|Any CPU.ActiveCfg = Debug|Any CPU
		{B9DD0D76-3D49-563F-83ED-070483C0F3C1}.Debug|Any CPU.Build.0 = Debug|Any CPU
		{B9DD0D76-3D49-563F-83ED-070483C0F3C1}.Debug|x64.ActiveCfg = Debug|Any CPU
		{B9DD0D76-3D49-563F-83ED-070483C0F3C1}.Debug|x64.Build.0 = Debug|Any CPU
		{B9DD0D76-3D49-563F-83ED-070483C0F3C1}.Debug|x86.ActiveCfg = Debug|Any CPU
		{B9DD0D76-3D49-563F-83ED-070483C0F3C1}.Debug|x86.Build.0 = Debug|Any CPU
		{B9DD0D76-3D49-563F-83ED-070483C0F3C1}.Release|Any CPU.ActiveCfg = Release|Any CPU
		{B9DD0D76-3D49-563F-83ED-070483C0F3C1}.Release|Any CPU.Build.0 = Release|Any CPU
		{B9DD0D76-3D49-563F-83ED-070483C0F3C1}.Release|x64.ActiveCfg = Release|Any CPU
		{B9DD0D76-3D49-563F-83ED-070483C0F3C1}.Release|x64.Build.0 = Release|Any CPU
		{B9DD0D76-3D49-563F-83ED-070483C0F3C1}.Release|x86.ActiveCfg = Release|Any CPU
		{B9DD0D76-3D49-563F-83ED-070483C0F3C1}.Release|x86.Build.0 = Release|Any CPU
		{A6C870A4-97EB-5F96-B6EE-955FA1F61D1C}.Debug|Any CPU.ActiveCfg = Debug|Any CPU
		{A6C870A4-97EB-5F96-B6EE-955FA1F61D1C}.Debug|Any CPU.Build.0 = Debug|Any CPU
		{A6C870A4-97EB-5F96-B6EE-955FA1F61D1C}.Debug|x64.ActiveCfg = Debug|Any CPU
		{A6C870A4-97EB-5F96-B6EE-955FA1F61D1C}.Debug|x64.Build.0 = Debug|Any CPU
		{A6C870A4-97EB-5F96-B6EE-955FA1F61D1C}.Debug|x86.ActiveCfg = Debug|Any CPU
		{A6C870A4-97EB-5F96-B6EE-955FA1F61D1C}.Debug|x86.Build.0 = Debug|Any CPU
		{A6C870A4-97EB-5F96-B6EE-955FA1F61D1C}.Release|Any CPU.ActiveCfg = Release|Any CPU
		{A6C870A4-97EB-5F96-B6EE-955FA1F61D1C}.Release|Any CPU.Build.0 = Release|Any CPU
		{A6C870A4-97EB-5F96-B6EE-955FA1F61D1C}.Release|x64.ActiveCfg = Release|Any CPU
		{A6C870A4-97EB-5F96-B6EE-955FA1F61D1C}.Release|x64.Build.0 = Release|Any CPU
		{A6C870A4-97EB-5F96-B6EE-955FA1F61D1C}.Release|x86.ActiveCfg = Release|Any CPU
		{A6C870A4-97EB-5F96-B6EE-955FA1F61D1C}.Release|x86.Build.0 = Release|Any CPU
		{AE42D4BA-CB4B-5625-BDD6-D5A9957CA5BC}.Debug|Any CPU.ActiveCfg = Debug|Any CPU
		{AE42D4BA-CB4B-5625-BDD6-D5A9957CA5BC}.Debug|Any CPU.Build.0 = Debug|Any CPU
		{AE42D4BA-CB4B-5625-BDD6-D5A9957CA5BC}.Debug|x64.ActiveCfg = Debug|Any CPU
		{AE42D4BA-CB4B-5625-BDD6-D5A9957CA5BC}.Debug|x64.Build.0 = Debug|Any CPU
		{AE42D4BA-CB4B-5625-BDD6-D5A9957CA5BC}.Debug|x86.ActiveCfg = Debug|Any CPU
		{AE42D4BA-CB4B-5625-BDD6-D5A9957CA5BC}.Debug|x86.Build.0 = Debug|Any CPU
		{AE42D4BA-CB4B-5625-BDD6-D5A9957CA5BC}.Release|Any CPU.ActiveCfg = Release|Any CPU
		{AE42D4BA-CB4B-5625-BDD6-D5A9957CA5BC}.Release|Any CPU.Build.0 = Release|Any CPU
		{AE42D4BA-CB4B-5625-BDD6-D5A9957CA5BC}.Release|x64.ActiveCfg = Release|Any CPU
		{AE42D4BA-CB4B-5625-BDD6-D5A9957CA5BC}.Release|x64.Build.0 = Release|Any CPU
		{AE42D4BA-CB4B-5625-BDD6-D5A9957CA5BC}.Release|x86.ActiveCfg = Release|Any CPU
		{AE42D4BA-CB4B-5625-BDD6-D5A9957CA5BC}.Release|x86.Build.0 = Release|Any CPU
		{A5A28475-BEE1-50DB-ABE1-2F1811B34E9B}.Debug|Any CPU.ActiveCfg = Debug|Any CPU
		{A5A28475-BEE1-50DB-ABE1-2F1811B34E9B}.Debug|Any CPU.Build.0 = Debug|Any CPU
		{A5A28475-BEE1-50DB-ABE1-2F1811B34E9B}.Debug|x64.ActiveCfg = Debug|Any CPU
		{A5A28475-BEE1-50DB-ABE1-2F1811B34E9B}.Debug|x64.Build.0 = Debug|Any CPU
		{A5A28475-BEE1-50DB-ABE1-2F1811B34E9B}.Debug|x86.ActiveCfg = Debug|Any CPU
		{A5A28475-BEE1-50DB-ABE1-2F1811B34E9B}.Debug|x86.Build.0 = Debug|Any CPU
		{A5A28475-BEE1-50DB-ABE1-2F1811B34E9B}.Release|Any CPU.ActiveCfg = Release|Any CPU
		{A5A28475-BEE1-50DB-ABE1-2F1811B34E9B}.Release|Any CPU.Build.0 = Release|Any CPU
		{A5A28475-BEE1-50DB-ABE1-2F1811B34E9B}.Release|x64.ActiveCfg = Release|Any CPU
		{A5A28475-BEE1-50DB-ABE1-2F1811B34E9B}.Release|x64.Build.0 = Release|Any CPU
		{A5A28475-BEE1-50DB-ABE1-2F1811B34E9B}.Release|x86.ActiveCfg = Release|Any CPU
		{A5A28475-BEE1-50DB-ABE1-2F1811B34E9B}.Release|x86.Build.0 = Release|Any CPU
		{885E269B-0737-5CBD-A272-48EB9BE89AB0}.Debug|Any CPU.ActiveCfg = Debug|Any CPU
		{885E269B-0737-5CBD-A272-48EB9BE89AB0}.Debug|Any CPU.Build.0 = Debug|Any CPU
		{885E269B-0737-5CBD-A272-48EB9BE89AB0}.Debug|x64.ActiveCfg = Debug|Any CPU
		{885E269B-0737-5CBD-A272-48EB9BE89AB0}.Debug|x64.Build.0 = Debug|Any CPU
		{885E269B-0737-5CBD-A272-48EB9BE89AB0}.Debug|x86.ActiveCfg = Debug|Any CPU
		{885E269B-0737-5CBD-A272-48EB9BE89AB0}.Debug|x86.Build.0 = Debug|Any CPU
		{885E269B-0737-5CBD-A272-48EB9BE89AB0}.Release|Any CPU.ActiveCfg = Release|Any CPU
		{885E269B-0737-5CBD-A272-48EB9BE89AB0}.Release|Any CPU.Build.0 = Release|Any CPU
		{885E269B-0737-5CBD-A272-48EB9BE89AB0}.Release|x64.ActiveCfg = Release|Any CPU
		{885E269B-0737-5CBD-A272-48EB9BE89AB0}.Release|x64.Build.0 = Release|Any CPU
		{885E269B-0737-5CBD-A272-48EB9BE89AB0}.Release|x86.ActiveCfg = Release|Any CPU
		{885E269B-0737-5CBD-A272-48EB9BE89AB0}.Release|x86.Build.0 = Release|Any CPU
		{48D2295C-BF5D-5C99-9C95-1D5C18823ADA}.Debug|Any CPU.ActiveCfg = Debug|Any CPU
		{48D2295C-BF5D-5C99-9C95-1D5C18823ADA}.Debug|Any CPU.Build.0 = Debug|Any CPU
		{48D2295C-BF5D-5C99-9C95-1D5C18823ADA}.Debug|x64.ActiveCfg = Debug|Any CPU
		{48D2295C-BF5D-5C99-9C95-1D5C18823ADA}.Debug|x64.Build.0 = Debug|Any CPU
		{48D2295C-BF5D-5C99-9C95-1D5C18823ADA}.Debug|x86.ActiveCfg = Debug|Any CPU
		{48D2295C-BF5D-5C99-9C95-1D5C18823ADA}.Debug|x86.Build.0 = Debug|Any CPU
		{48D2295C-BF5D-5C99-9C95-1D5C18823ADA}.Release|Any CPU.ActiveCfg = Release|Any CPU
		{48D2295C-BF5D-5C99-9C95-1D5C18823ADA}.Release|Any CPU.Build.0 = Release|Any CPU
		{48D2295C-BF5D-5C99-9C95-1D5C18823ADA}.Release|x64.ActiveCfg = Release|Any CPU
		{48D2295C-BF5D-5C99-9C95-1D5C18823ADA}.Release|x64.Build.0 = Release|Any CPU
		{48D2295C-BF5D-5C99-9C95-1D5C18823ADA}.Release|x86.ActiveCfg = Release|Any CPU
		{48D2295C-BF5D-5C99-9C95-1D5C18823ADA}.Release|x86.Build.0 = Release|Any CPU
		{4BBD0962-4574-5DC8-930E-DB4A3BEA8CE1}.Debug|Any CPU.ActiveCfg = Debug|Any CPU
		{4BBD0962-4574-5DC8-930E-DB4A3BEA8CE1}.Debug|Any CPU.Build.0 = Debug|Any CPU
		{4BBD0962-4574-5DC8-930E-DB4A3BEA8CE1}.Debug|x64.ActiveCfg = Debug|Any CPU
		{4BBD0962-4574-5DC8-930E-DB4A3BEA8CE1}.Debug|x64.Build.0 = Debug|Any CPU
		{4BBD0962-4574-5DC8-930E-DB4A3BEA8CE1}.Debug|x86.ActiveCfg = Debug|Any CPU
		{4BBD0962-4574-5DC8-930E-DB4A3BEA8CE1}.Debug|x86.Build.0 = Debug|Any CPU
		{4BBD0962-4574-5DC8-930E-DB4A3BEA8CE1}.Release|Any CPU.ActiveCfg = Release|Any CPU
		{4BBD0962-4574-5DC8-930E-DB4A3BEA8CE1}.Release|Any CPU.Build.0 = Release|Any CPU
		{4BBD0962-4574-5DC8-930E-DB4A3BEA8CE1}.Release|x64.ActiveCfg = Release|Any CPU
		{4BBD0962-4574-5DC8-930E-DB4A3BEA8CE1}.Release|x64.Build.0 = Release|Any CPU
		{4BBD0962-4574-5DC8-930E-DB4A3BEA8CE1}.Release|x86.ActiveCfg = Release|Any CPU
		{4BBD0962-4574-5DC8-930E-DB4A3BEA8CE1}.Release|x86.Build.0 = Release|Any CPU
		{65266E01-9B83-4F0E-AE0B-FEFE307BE4EF}.Debug|Any CPU.ActiveCfg = Debug|Any CPU
		{65266E01-9B83-4F0E-AE0B-FEFE307BE4EF}.Debug|Any CPU.Build.0 = Debug|Any CPU
		{65266E01-9B83-4F0E-AE0B-FEFE307BE4EF}.Debug|x64.ActiveCfg = Debug|Any CPU
		{65266E01-9B83-4F0E-AE0B-FEFE307BE4EF}.Debug|x64.Build.0 = Debug|Any CPU
		{65266E01-9B83-4F0E-AE0B-FEFE307BE4EF}.Debug|x86.ActiveCfg = Debug|Any CPU
		{65266E01-9B83-4F0E-AE0B-FEFE307BE4EF}.Debug|x86.Build.0 = Debug|Any CPU
		{65266E01-9B83-4F0E-AE0B-FEFE307BE4EF}.Release|Any CPU.ActiveCfg = Release|Any CPU
		{65266E01-9B83-4F0E-AE0B-FEFE307BE4EF}.Release|Any CPU.Build.0 = Release|Any CPU
		{65266E01-9B83-4F0E-AE0B-FEFE307BE4EF}.Release|x64.ActiveCfg = Release|Any CPU
		{65266E01-9B83-4F0E-AE0B-FEFE307BE4EF}.Release|x64.Build.0 = Release|Any CPU
		{65266E01-9B83-4F0E-AE0B-FEFE307BE4EF}.Release|x86.ActiveCfg = Release|Any CPU
		{65266E01-9B83-4F0E-AE0B-FEFE307BE4EF}.Release|x86.Build.0 = Release|Any CPU
		{71E97E3A-2945-4E03-AE60-3B5B0613C4DB}.Debug|Any CPU.ActiveCfg = Debug|Any CPU
		{71E97E3A-2945-4E03-AE60-3B5B0613C4DB}.Debug|Any CPU.Build.0 = Debug|Any CPU
		{71E97E3A-2945-4E03-AE60-3B5B0613C4DB}.Debug|x64.ActiveCfg = Debug|Any CPU
		{71E97E3A-2945-4E03-AE60-3B5B0613C4DB}.Debug|x64.Build.0 = Debug|Any CPU
		{71E97E3A-2945-4E03-AE60-3B5B0613C4DB}.Debug|x86.ActiveCfg = Debug|Any CPU
		{71E97E3A-2945-4E03-AE60-3B5B0613C4DB}.Debug|x86.Build.0 = Debug|Any CPU
		{71E97E3A-2945-4E03-AE60-3B5B0613C4DB}.Release|Any CPU.ActiveCfg = Release|Any CPU
		{71E97E3A-2945-4E03-AE60-3B5B0613C4DB}.Release|Any CPU.Build.0 = Release|Any CPU
		{71E97E3A-2945-4E03-AE60-3B5B0613C4DB}.Release|x64.ActiveCfg = Release|Any CPU
		{71E97E3A-2945-4E03-AE60-3B5B0613C4DB}.Release|x64.Build.0 = Release|Any CPU
		{71E97E3A-2945-4E03-AE60-3B5B0613C4DB}.Release|x86.ActiveCfg = Release|Any CPU
		{71E97E3A-2945-4E03-AE60-3B5B0613C4DB}.Release|x86.Build.0 = Release|Any CPU
		{BF91C230-6E0C-49DE-B814-81CF7D7AE7E7}.Debug|Any CPU.ActiveCfg = Debug|Any CPU
		{BF91C230-6E0C-49DE-B814-81CF7D7AE7E7}.Debug|Any CPU.Build.0 = Debug|Any CPU
		{BF91C230-6E0C-49DE-B814-81CF7D7AE7E7}.Debug|x64.ActiveCfg = Debug|Any CPU
		{BF91C230-6E0C-49DE-B814-81CF7D7AE7E7}.Debug|x64.Build.0 = Debug|Any CPU
		{BF91C230-6E0C-49DE-B814-81CF7D7AE7E7}.Debug|x86.ActiveCfg = Debug|Any CPU
		{BF91C230-6E0C-49DE-B814-81CF7D7AE7E7}.Debug|x86.Build.0 = Debug|Any CPU
		{BF91C230-6E0C-49DE-B814-81CF7D7AE7E7}.Release|Any CPU.ActiveCfg = Release|Any CPU
		{BF91C230-6E0C-49DE-B814-81CF7D7AE7E7}.Release|Any CPU.Build.0 = Release|Any CPU
		{BF91C230-6E0C-49DE-B814-81CF7D7AE7E7}.Release|x64.ActiveCfg = Release|Any CPU
		{BF91C230-6E0C-49DE-B814-81CF7D7AE7E7}.Release|x64.Build.0 = Release|Any CPU
		{BF91C230-6E0C-49DE-B814-81CF7D7AE7E7}.Release|x86.ActiveCfg = Release|Any CPU
		{BF91C230-6E0C-49DE-B814-81CF7D7AE7E7}.Release|x86.Build.0 = Release|Any CPU
		{C1463F45-F50A-47AE-85A8-5F0EF6867113}.Debug|Any CPU.ActiveCfg = Debug|Any CPU
		{C1463F45-F50A-47AE-85A8-5F0EF6867113}.Debug|Any CPU.Build.0 = Debug|Any CPU
		{C1463F45-F50A-47AE-85A8-5F0EF6867113}.Debug|x64.ActiveCfg = Debug|Any CPU
		{C1463F45-F50A-47AE-85A8-5F0EF6867113}.Debug|x64.Build.0 = Debug|Any CPU
		{C1463F45-F50A-47AE-85A8-5F0EF6867113}.Debug|x86.ActiveCfg = Debug|Any CPU
		{C1463F45-F50A-47AE-85A8-5F0EF6867113}.Debug|x86.Build.0 = Debug|Any CPU
		{C1463F45-F50A-47AE-85A8-5F0EF6867113}.Release|Any CPU.ActiveCfg = Release|Any CPU
		{C1463F45-F50A-47AE-85A8-5F0EF6867113}.Release|Any CPU.Build.0 = Release|Any CPU
		{C1463F45-F50A-47AE-85A8-5F0EF6867113}.Release|x64.ActiveCfg = Release|Any CPU
		{C1463F45-F50A-47AE-85A8-5F0EF6867113}.Release|x64.Build.0 = Release|Any CPU
		{C1463F45-F50A-47AE-85A8-5F0EF6867113}.Release|x86.ActiveCfg = Release|Any CPU
		{C1463F45-F50A-47AE-85A8-5F0EF6867113}.Release|x86.Build.0 = Release|Any CPU
		{FBCC83F4-98E9-446F-BCF6-5F2E87B5CA21}.Debug|Any CPU.ActiveCfg = Debug|Any CPU
		{FBCC83F4-98E9-446F-BCF6-5F2E87B5CA21}.Debug|Any CPU.Build.0 = Debug|Any CPU
		{FBCC83F4-98E9-446F-BCF6-5F2E87B5CA21}.Debug|x64.ActiveCfg = Debug|Any CPU
		{FBCC83F4-98E9-446F-BCF6-5F2E87B5CA21}.Debug|x64.Build.0 = Debug|Any CPU
		{FBCC83F4-98E9-446F-BCF6-5F2E87B5CA21}.Debug|x86.ActiveCfg = Debug|Any CPU
		{FBCC83F4-98E9-446F-BCF6-5F2E87B5CA21}.Debug|x86.Build.0 = Debug|Any CPU
		{FBCC83F4-98E9-446F-BCF6-5F2E87B5CA21}.Release|Any CPU.ActiveCfg = Release|Any CPU
		{FBCC83F4-98E9-446F-BCF6-5F2E87B5CA21}.Release|Any CPU.Build.0 = Release|Any CPU
		{FBCC83F4-98E9-446F-BCF6-5F2E87B5CA21}.Release|x64.ActiveCfg = Release|Any CPU
		{FBCC83F4-98E9-446F-BCF6-5F2E87B5CA21}.Release|x64.Build.0 = Release|Any CPU
		{FBCC83F4-98E9-446F-BCF6-5F2E87B5CA21}.Release|x86.ActiveCfg = Release|Any CPU
		{FBCC83F4-98E9-446F-BCF6-5F2E87B5CA21}.Release|x86.Build.0 = Release|Any CPU
		{6976634B-A9B0-4C0E-8F8A-354E1B879452}.Debug|Any CPU.ActiveCfg = Debug|Any CPU
		{6976634B-A9B0-4C0E-8F8A-354E1B879452}.Debug|Any CPU.Build.0 = Debug|Any CPU
		{6976634B-A9B0-4C0E-8F8A-354E1B879452}.Debug|x64.ActiveCfg = Debug|Any CPU
		{6976634B-A9B0-4C0E-8F8A-354E1B879452}.Debug|x64.Build.0 = Debug|Any CPU
		{6976634B-A9B0-4C0E-8F8A-354E1B879452}.Debug|x86.ActiveCfg = Debug|Any CPU
		{6976634B-A9B0-4C0E-8F8A-354E1B879452}.Debug|x86.Build.0 = Debug|Any CPU
		{6976634B-A9B0-4C0E-8F8A-354E1B879452}.Release|Any CPU.ActiveCfg = Release|Any CPU
		{6976634B-A9B0-4C0E-8F8A-354E1B879452}.Release|Any CPU.Build.0 = Release|Any CPU
		{6976634B-A9B0-4C0E-8F8A-354E1B879452}.Release|x64.ActiveCfg = Release|Any CPU
		{6976634B-A9B0-4C0E-8F8A-354E1B879452}.Release|x64.Build.0 = Release|Any CPU
		{6976634B-A9B0-4C0E-8F8A-354E1B879452}.Release|x86.ActiveCfg = Release|Any CPU
		{6976634B-A9B0-4C0E-8F8A-354E1B879452}.Release|x86.Build.0 = Release|Any CPU
		{3DE99274-FE9F-4F6F-A0B0-EB32F59C65E3}.Debug|Any CPU.ActiveCfg = Debug|Any CPU
		{3DE99274-FE9F-4F6F-A0B0-EB32F59C65E3}.Debug|Any CPU.Build.0 = Debug|Any CPU
		{3DE99274-FE9F-4F6F-A0B0-EB32F59C65E3}.Debug|x64.ActiveCfg = Debug|Any CPU
		{3DE99274-FE9F-4F6F-A0B0-EB32F59C65E3}.Debug|x64.Build.0 = Debug|Any CPU
		{3DE99274-FE9F-4F6F-A0B0-EB32F59C65E3}.Debug|x86.ActiveCfg = Debug|Any CPU
		{3DE99274-FE9F-4F6F-A0B0-EB32F59C65E3}.Debug|x86.Build.0 = Debug|Any CPU
		{3DE99274-FE9F-4F6F-A0B0-EB32F59C65E3}.Release|Any CPU.ActiveCfg = Release|Any CPU
		{3DE99274-FE9F-4F6F-A0B0-EB32F59C65E3}.Release|Any CPU.Build.0 = Release|Any CPU
		{3DE99274-FE9F-4F6F-A0B0-EB32F59C65E3}.Release|x64.ActiveCfg = Release|Any CPU
		{3DE99274-FE9F-4F6F-A0B0-EB32F59C65E3}.Release|x64.Build.0 = Release|Any CPU
		{3DE99274-FE9F-4F6F-A0B0-EB32F59C65E3}.Release|x86.ActiveCfg = Release|Any CPU
		{3DE99274-FE9F-4F6F-A0B0-EB32F59C65E3}.Release|x86.Build.0 = Release|Any CPU
		{C51D8154-3904-4BE0-9FAC-7F9264673285}.Debug|Any CPU.ActiveCfg = Debug|Any CPU
		{C51D8154-3904-4BE0-9FAC-7F9264673285}.Debug|Any CPU.Build.0 = Debug|Any CPU
		{C51D8154-3904-4BE0-9FAC-7F9264673285}.Debug|x64.ActiveCfg = Debug|Any CPU
		{C51D8154-3904-4BE0-9FAC-7F9264673285}.Debug|x64.Build.0 = Debug|Any CPU
		{C51D8154-3904-4BE0-9FAC-7F9264673285}.Debug|x86.ActiveCfg = Debug|Any CPU
		{C51D8154-3904-4BE0-9FAC-7F9264673285}.Debug|x86.Build.0 = Debug|Any CPU
		{C51D8154-3904-4BE0-9FAC-7F9264673285}.Release|Any CPU.ActiveCfg = Release|Any CPU
		{C51D8154-3904-4BE0-9FAC-7F9264673285}.Release|Any CPU.Build.0 = Release|Any CPU
		{C51D8154-3904-4BE0-9FAC-7F9264673285}.Release|x64.ActiveCfg = Release|Any CPU
		{C51D8154-3904-4BE0-9FAC-7F9264673285}.Release|x64.Build.0 = Release|Any CPU
		{C51D8154-3904-4BE0-9FAC-7F9264673285}.Release|x86.ActiveCfg = Release|Any CPU
		{C51D8154-3904-4BE0-9FAC-7F9264673285}.Release|x86.Build.0 = Release|Any CPU
		{74361912-F73E-4CF5-AEB6-EEC56704810C}.Debug|Any CPU.ActiveCfg = Debug|Any CPU
		{74361912-F73E-4CF5-AEB6-EEC56704810C}.Debug|Any CPU.Build.0 = Debug|Any CPU
		{74361912-F73E-4CF5-AEB6-EEC56704810C}.Debug|x64.ActiveCfg = Debug|Any CPU
		{74361912-F73E-4CF5-AEB6-EEC56704810C}.Debug|x64.Build.0 = Debug|Any CPU
		{74361912-F73E-4CF5-AEB6-EEC56704810C}.Debug|x86.ActiveCfg = Debug|Any CPU
		{74361912-F73E-4CF5-AEB6-EEC56704810C}.Debug|x86.Build.0 = Debug|Any CPU
		{74361912-F73E-4CF5-AEB6-EEC56704810C}.Release|Any CPU.ActiveCfg = Release|Any CPU
		{74361912-F73E-4CF5-AEB6-EEC56704810C}.Release|Any CPU.Build.0 = Release|Any CPU
		{74361912-F73E-4CF5-AEB6-EEC56704810C}.Release|x64.ActiveCfg = Release|Any CPU
		{74361912-F73E-4CF5-AEB6-EEC56704810C}.Release|x64.Build.0 = Release|Any CPU
		{74361912-F73E-4CF5-AEB6-EEC56704810C}.Release|x86.ActiveCfg = Release|Any CPU
		{74361912-F73E-4CF5-AEB6-EEC56704810C}.Release|x86.Build.0 = Release|Any CPU
		{079F037F-A559-46AB-8405-94D0E2B85FCF}.Debug|Any CPU.ActiveCfg = Debug|Any CPU
		{079F037F-A559-46AB-8405-94D0E2B85FCF}.Debug|Any CPU.Build.0 = Debug|Any CPU
		{079F037F-A559-46AB-8405-94D0E2B85FCF}.Debug|x64.ActiveCfg = Debug|Any CPU
		{079F037F-A559-46AB-8405-94D0E2B85FCF}.Debug|x64.Build.0 = Debug|Any CPU
		{079F037F-A559-46AB-8405-94D0E2B85FCF}.Debug|x86.ActiveCfg = Debug|Any CPU
		{079F037F-A559-46AB-8405-94D0E2B85FCF}.Debug|x86.Build.0 = Debug|Any CPU
		{079F037F-A559-46AB-8405-94D0E2B85FCF}.Release|Any CPU.ActiveCfg = Release|Any CPU
		{079F037F-A559-46AB-8405-94D0E2B85FCF}.Release|Any CPU.Build.0 = Release|Any CPU
		{079F037F-A559-46AB-8405-94D0E2B85FCF}.Release|x64.ActiveCfg = Release|Any CPU
		{079F037F-A559-46AB-8405-94D0E2B85FCF}.Release|x64.Build.0 = Release|Any CPU
		{079F037F-A559-46AB-8405-94D0E2B85FCF}.Release|x86.ActiveCfg = Release|Any CPU
		{079F037F-A559-46AB-8405-94D0E2B85FCF}.Release|x86.Build.0 = Release|Any CPU
		{72EA52FA-9D31-4F88-914F-C9A1DDEF4C79}.Debug|Any CPU.ActiveCfg = Debug|Any CPU
		{72EA52FA-9D31-4F88-914F-C9A1DDEF4C79}.Debug|Any CPU.Build.0 = Debug|Any CPU
		{72EA52FA-9D31-4F88-914F-C9A1DDEF4C79}.Debug|x64.ActiveCfg = Debug|Any CPU
		{72EA52FA-9D31-4F88-914F-C9A1DDEF4C79}.Debug|x64.Build.0 = Debug|Any CPU
		{72EA52FA-9D31-4F88-914F-C9A1DDEF4C79}.Debug|x86.ActiveCfg = Debug|Any CPU
		{72EA52FA-9D31-4F88-914F-C9A1DDEF4C79}.Debug|x86.Build.0 = Debug|Any CPU
		{72EA52FA-9D31-4F88-914F-C9A1DDEF4C79}.Release|Any CPU.ActiveCfg = Release|Any CPU
		{72EA52FA-9D31-4F88-914F-C9A1DDEF4C79}.Release|Any CPU.Build.0 = Release|Any CPU
		{72EA52FA-9D31-4F88-914F-C9A1DDEF4C79}.Release|x64.ActiveCfg = Release|Any CPU
		{72EA52FA-9D31-4F88-914F-C9A1DDEF4C79}.Release|x64.Build.0 = Release|Any CPU
		{72EA52FA-9D31-4F88-914F-C9A1DDEF4C79}.Release|x86.ActiveCfg = Release|Any CPU
		{72EA52FA-9D31-4F88-914F-C9A1DDEF4C79}.Release|x86.Build.0 = Release|Any CPU
		{8DF684E0-68C9-45E4-9A93-0B49CFD5E6E7}.Debug|Any CPU.ActiveCfg = Debug|Any CPU
		{8DF684E0-68C9-45E4-9A93-0B49CFD5E6E7}.Debug|Any CPU.Build.0 = Debug|Any CPU
		{8DF684E0-68C9-45E4-9A93-0B49CFD5E6E7}.Debug|x64.ActiveCfg = Debug|Any CPU
		{8DF684E0-68C9-45E4-9A93-0B49CFD5E6E7}.Debug|x64.Build.0 = Debug|Any CPU
		{8DF684E0-68C9-45E4-9A93-0B49CFD5E6E7}.Debug|x86.ActiveCfg = Debug|Any CPU
		{8DF684E0-68C9-45E4-9A93-0B49CFD5E6E7}.Debug|x86.Build.0 = Debug|Any CPU
		{8DF684E0-68C9-45E4-9A93-0B49CFD5E6E7}.Release|Any CPU.ActiveCfg = Release|Any CPU
		{8DF684E0-68C9-45E4-9A93-0B49CFD5E6E7}.Release|Any CPU.Build.0 = Release|Any CPU
		{8DF684E0-68C9-45E4-9A93-0B49CFD5E6E7}.Release|x64.ActiveCfg = Release|Any CPU
		{8DF684E0-68C9-45E4-9A93-0B49CFD5E6E7}.Release|x64.Build.0 = Release|Any CPU
		{8DF684E0-68C9-45E4-9A93-0B49CFD5E6E7}.Release|x86.ActiveCfg = Release|Any CPU
		{8DF684E0-68C9-45E4-9A93-0B49CFD5E6E7}.Release|x86.Build.0 = Release|Any CPU
		{D7430E02-B06D-49BE-B487-53D2E1DE60EC}.Debug|Any CPU.ActiveCfg = Debug|Any CPU
		{D7430E02-B06D-49BE-B487-53D2E1DE60EC}.Debug|Any CPU.Build.0 = Debug|Any CPU
		{D7430E02-B06D-49BE-B487-53D2E1DE60EC}.Debug|x64.ActiveCfg = Debug|Any CPU
		{D7430E02-B06D-49BE-B487-53D2E1DE60EC}.Debug|x64.Build.0 = Debug|Any CPU
		{D7430E02-B06D-49BE-B487-53D2E1DE60EC}.Debug|x86.ActiveCfg = Debug|Any CPU
		{D7430E02-B06D-49BE-B487-53D2E1DE60EC}.Debug|x86.Build.0 = Debug|Any CPU
		{D7430E02-B06D-49BE-B487-53D2E1DE60EC}.Release|Any CPU.ActiveCfg = Release|Any CPU
		{D7430E02-B06D-49BE-B487-53D2E1DE60EC}.Release|Any CPU.Build.0 = Release|Any CPU
		{D7430E02-B06D-49BE-B487-53D2E1DE60EC}.Release|x64.ActiveCfg = Release|Any CPU
		{D7430E02-B06D-49BE-B487-53D2E1DE60EC}.Release|x64.Build.0 = Release|Any CPU
		{D7430E02-B06D-49BE-B487-53D2E1DE60EC}.Release|x86.ActiveCfg = Release|Any CPU
		{D7430E02-B06D-49BE-B487-53D2E1DE60EC}.Release|x86.Build.0 = Release|Any CPU
		{0F4A4988-BCFC-432A-9DCC-A5672C4A724F}.Debug|Any CPU.ActiveCfg = Debug|Any CPU
		{0F4A4988-BCFC-432A-9DCC-A5672C4A724F}.Debug|Any CPU.Build.0 = Debug|Any CPU
		{0F4A4988-BCFC-432A-9DCC-A5672C4A724F}.Debug|x64.ActiveCfg = Debug|Any CPU
		{0F4A4988-BCFC-432A-9DCC-A5672C4A724F}.Debug|x64.Build.0 = Debug|Any CPU
		{0F4A4988-BCFC-432A-9DCC-A5672C4A724F}.Debug|x86.ActiveCfg = Debug|Any CPU
		{0F4A4988-BCFC-432A-9DCC-A5672C4A724F}.Debug|x86.Build.0 = Debug|Any CPU
		{0F4A4988-BCFC-432A-9DCC-A5672C4A724F}.Release|Any CPU.ActiveCfg = Release|Any CPU
		{0F4A4988-BCFC-432A-9DCC-A5672C4A724F}.Release|Any CPU.Build.0 = Release|Any CPU
		{0F4A4988-BCFC-432A-9DCC-A5672C4A724F}.Release|x64.ActiveCfg = Release|Any CPU
		{0F4A4988-BCFC-432A-9DCC-A5672C4A724F}.Release|x64.Build.0 = Release|Any CPU
		{0F4A4988-BCFC-432A-9DCC-A5672C4A724F}.Release|x86.ActiveCfg = Release|Any CPU
		{0F4A4988-BCFC-432A-9DCC-A5672C4A724F}.Release|x86.Build.0 = Release|Any CPU
		{33A64126-20F0-48C5-A6C3-6494C6E7C985}.Debug|Any CPU.ActiveCfg = Debug|Any CPU
		{33A64126-20F0-48C5-A6C3-6494C6E7C985}.Debug|Any CPU.Build.0 = Debug|Any CPU
		{33A64126-20F0-48C5-A6C3-6494C6E7C985}.Debug|x64.ActiveCfg = Debug|Any CPU
		{33A64126-20F0-48C5-A6C3-6494C6E7C985}.Debug|x64.Build.0 = Debug|Any CPU
		{33A64126-20F0-48C5-A6C3-6494C6E7C985}.Debug|x86.ActiveCfg = Debug|Any CPU
		{33A64126-20F0-48C5-A6C3-6494C6E7C985}.Debug|x86.Build.0 = Debug|Any CPU
		{33A64126-20F0-48C5-A6C3-6494C6E7C985}.Release|Any CPU.ActiveCfg = Release|Any CPU
		{33A64126-20F0-48C5-A6C3-6494C6E7C985}.Release|Any CPU.Build.0 = Release|Any CPU
		{33A64126-20F0-48C5-A6C3-6494C6E7C985}.Release|x64.ActiveCfg = Release|Any CPU
		{33A64126-20F0-48C5-A6C3-6494C6E7C985}.Release|x64.Build.0 = Release|Any CPU
		{33A64126-20F0-48C5-A6C3-6494C6E7C985}.Release|x86.ActiveCfg = Release|Any CPU
		{33A64126-20F0-48C5-A6C3-6494C6E7C985}.Release|x86.Build.0 = Release|Any CPU
		{39610B08-D6CB-41BA-A968-165FD639A5C6}.Debug|Any CPU.ActiveCfg = Debug|Any CPU
		{39610B08-D6CB-41BA-A968-165FD639A5C6}.Debug|Any CPU.Build.0 = Debug|Any CPU
		{39610B08-D6CB-41BA-A968-165FD639A5C6}.Debug|x64.ActiveCfg = Debug|Any CPU
		{39610B08-D6CB-41BA-A968-165FD639A5C6}.Debug|x64.Build.0 = Debug|Any CPU
		{39610B08-D6CB-41BA-A968-165FD639A5C6}.Debug|x86.ActiveCfg = Debug|Any CPU
		{39610B08-D6CB-41BA-A968-165FD639A5C6}.Debug|x86.Build.0 = Debug|Any CPU
		{39610B08-D6CB-41BA-A968-165FD639A5C6}.Release|Any CPU.ActiveCfg = Release|Any CPU
		{39610B08-D6CB-41BA-A968-165FD639A5C6}.Release|Any CPU.Build.0 = Release|Any CPU
		{39610B08-D6CB-41BA-A968-165FD639A5C6}.Release|x64.ActiveCfg = Release|Any CPU
		{39610B08-D6CB-41BA-A968-165FD639A5C6}.Release|x64.Build.0 = Release|Any CPU
		{39610B08-D6CB-41BA-A968-165FD639A5C6}.Release|x86.ActiveCfg = Release|Any CPU
		{39610B08-D6CB-41BA-A968-165FD639A5C6}.Release|x86.Build.0 = Release|Any CPU
		{26BB7E92-B847-4F45-8030-49D045F70EB3}.Debug|Any CPU.ActiveCfg = Debug|Any CPU
		{26BB7E92-B847-4F45-8030-49D045F70EB3}.Debug|Any CPU.Build.0 = Debug|Any CPU
		{26BB7E92-B847-4F45-8030-49D045F70EB3}.Debug|x64.ActiveCfg = Debug|Any CPU
		{26BB7E92-B847-4F45-8030-49D045F70EB3}.Debug|x64.Build.0 = Debug|Any CPU
		{26BB7E92-B847-4F45-8030-49D045F70EB3}.Debug|x86.ActiveCfg = Debug|Any CPU
		{26BB7E92-B847-4F45-8030-49D045F70EB3}.Debug|x86.Build.0 = Debug|Any CPU
		{26BB7E92-B847-4F45-8030-49D045F70EB3}.Release|Any CPU.ActiveCfg = Release|Any CPU
		{26BB7E92-B847-4F45-8030-49D045F70EB3}.Release|Any CPU.Build.0 = Release|Any CPU
		{26BB7E92-B847-4F45-8030-49D045F70EB3}.Release|x64.ActiveCfg = Release|Any CPU
		{26BB7E92-B847-4F45-8030-49D045F70EB3}.Release|x64.Build.0 = Release|Any CPU
		{26BB7E92-B847-4F45-8030-49D045F70EB3}.Release|x86.ActiveCfg = Release|Any CPU
		{26BB7E92-B847-4F45-8030-49D045F70EB3}.Release|x86.Build.0 = Release|Any CPU
		{D34BA312-57EE-4C20-B235-22334E486B7A}.Debug|Any CPU.ActiveCfg = Debug|Any CPU
		{D34BA312-57EE-4C20-B235-22334E486B7A}.Debug|Any CPU.Build.0 = Debug|Any CPU
		{D34BA312-57EE-4C20-B235-22334E486B7A}.Debug|x64.ActiveCfg = Debug|Any CPU
		{D34BA312-57EE-4C20-B235-22334E486B7A}.Debug|x64.Build.0 = Debug|Any CPU
		{D34BA312-57EE-4C20-B235-22334E486B7A}.Debug|x86.ActiveCfg = Debug|Any CPU
		{D34BA312-57EE-4C20-B235-22334E486B7A}.Debug|x86.Build.0 = Debug|Any CPU
		{D34BA312-57EE-4C20-B235-22334E486B7A}.Release|Any CPU.ActiveCfg = Release|Any CPU
		{D34BA312-57EE-4C20-B235-22334E486B7A}.Release|Any CPU.Build.0 = Release|Any CPU
		{D34BA312-57EE-4C20-B235-22334E486B7A}.Release|x64.ActiveCfg = Release|Any CPU
		{D34BA312-57EE-4C20-B235-22334E486B7A}.Release|x64.Build.0 = Release|Any CPU
		{D34BA312-57EE-4C20-B235-22334E486B7A}.Release|x86.ActiveCfg = Release|Any CPU
		{D34BA312-57EE-4C20-B235-22334E486B7A}.Release|x86.Build.0 = Release|Any CPU
		{BA3A0DAA-D816-411B-B68F-65C1044CEDF5}.Debug|Any CPU.ActiveCfg = Debug|Any CPU
		{BA3A0DAA-D816-411B-B68F-65C1044CEDF5}.Debug|Any CPU.Build.0 = Debug|Any CPU
		{BA3A0DAA-D816-411B-B68F-65C1044CEDF5}.Debug|x64.ActiveCfg = Debug|Any CPU
		{BA3A0DAA-D816-411B-B68F-65C1044CEDF5}.Debug|x64.Build.0 = Debug|Any CPU
		{BA3A0DAA-D816-411B-B68F-65C1044CEDF5}.Debug|x86.ActiveCfg = Debug|Any CPU
		{BA3A0DAA-D816-411B-B68F-65C1044CEDF5}.Debug|x86.Build.0 = Debug|Any CPU
		{BA3A0DAA-D816-411B-B68F-65C1044CEDF5}.Release|Any CPU.ActiveCfg = Release|Any CPU
		{BA3A0DAA-D816-411B-B68F-65C1044CEDF5}.Release|Any CPU.Build.0 = Release|Any CPU
		{BA3A0DAA-D816-411B-B68F-65C1044CEDF5}.Release|x64.ActiveCfg = Release|Any CPU
		{BA3A0DAA-D816-411B-B68F-65C1044CEDF5}.Release|x64.Build.0 = Release|Any CPU
		{BA3A0DAA-D816-411B-B68F-65C1044CEDF5}.Release|x86.ActiveCfg = Release|Any CPU
		{BA3A0DAA-D816-411B-B68F-65C1044CEDF5}.Release|x86.Build.0 = Release|Any CPU
	EndGlobalSection
	GlobalSection(SolutionProperties) = preSolution
		HideSolutionNode = FALSE
	EndGlobalSection
	GlobalSection(NestedProjects) = preSolution
		{65266E01-9B83-4F0E-AE0B-FEFE307BE4EF} = {D9053275-919D-4B8C-8F97-05BACB0D37A7}
		{71E97E3A-2945-4E03-AE60-3B5B0613C4DB} = {D9053275-919D-4B8C-8F97-05BACB0D37A7}
		{BF91C230-6E0C-49DE-B814-81CF7D7AE7E7} = {D9053275-919D-4B8C-8F97-05BACB0D37A7}
		{C1463F45-F50A-47AE-85A8-5F0EF6867113} = {D9053275-919D-4B8C-8F97-05BACB0D37A7}
		{FBCC83F4-98E9-446F-BCF6-5F2E87B5CA21} = {D9053275-919D-4B8C-8F97-05BACB0D37A7}
		{6976634B-A9B0-4C0E-8F8A-354E1B879452} = {D9053275-919D-4B8C-8F97-05BACB0D37A7}
		{3DE99274-FE9F-4F6F-A0B0-EB32F59C65E3} = {D9053275-919D-4B8C-8F97-05BACB0D37A7}
		{C51D8154-3904-4BE0-9FAC-7F9264673285} = {D9053275-919D-4B8C-8F97-05BACB0D37A7}
		{74361912-F73E-4CF5-AEB6-EEC56704810C} = {D9053275-919D-4B8C-8F97-05BACB0D37A7}
		{079F037F-A559-46AB-8405-94D0E2B85FCF} = {D9053275-919D-4B8C-8F97-05BACB0D37A7}
		{72EA52FA-9D31-4F88-914F-C9A1DDEF4C79} = {D9053275-919D-4B8C-8F97-05BACB0D37A7}
		{8DF684E0-68C9-45E4-9A93-0B49CFD5E6E7} = {D9053275-919D-4B8C-8F97-05BACB0D37A7}
		{D7430E02-B06D-49BE-B487-53D2E1DE60EC} = {D9053275-919D-4B8C-8F97-05BACB0D37A7}
		{0F4A4988-BCFC-432A-9DCC-A5672C4A724F} = {D9053275-919D-4B8C-8F97-05BACB0D37A7}
		{33A64126-20F0-48C5-A6C3-6494C6E7C985} = {D9053275-919D-4B8C-8F97-05BACB0D37A7}
		{39610B08-D6CB-41BA-A968-165FD639A5C6} = {D9053275-919D-4B8C-8F97-05BACB0D37A7}
		{26BB7E92-B847-4F45-8030-49D045F70EB3} = {D9053275-919D-4B8C-8F97-05BACB0D37A7}
		{D34BA312-57EE-4C20-B235-22334E486B7A} = {D9053275-919D-4B8C-8F97-05BACB0D37A7}
		{BA3A0DAA-D816-411B-B68F-65C1044CEDF5} = {D9053275-919D-4B8C-8F97-05BACB0D37A7}
	EndGlobalSection
EndGlobal
